
Microsoft Visual Studio Solution File, Format Version 12.00
# Visual Studio 15
VisualStudioVersion = 15.0.28307.106
MinimumVisualStudioVersion = 10.0.40219.1
Project("{FAE04EC0-301F-11D3-BF4B-00C04F79EFBC}") = "SubLib", "SubLib\SubLib.csproj", "{762680E9-050D-4A8A-95D5-988828D1BE07}"
EndProject
Project("{FAE04EC0-301F-11D3-BF4B-00C04F79EFBC}") = "StuDataManagementSystem", "StuDataManagementSystem\StuDataManagementSystem.csproj", "{7BBFBDBB-472C-4FBD-95A0-A20E9186635A}"
EndProject
Global
	GlobalSection(SolutionConfigurationPlatforms) = preSolution
		Debug|Any CPU = Debug|Any CPU
		Release|Any CPU = Release|Any CPU
	EndGlobalSection
	GlobalSection(ProjectConfigurationPlatforms) = postSolution
		{762680E9-050D-4A8A-95D5-988828D1BE07}.Debug|Any CPU.ActiveCfg = Debug|Any CPU
		{762680E9-050D-4A8A-95D5-988828D1BE07}.Debug|Any CPU.Build.0 = Debug|Any CPU
		{762680E9-050D-4A8A-95D5-988828D1BE07}.Release|Any CPU.ActiveCfg = Release|Any CPU
		{762680E9-050D-4A8A-95D5-988828D1BE07}.Release|Any CPU.Build.0 = Release|Any CPU
		{7BBFBDBB-472C-4FBD-95A0-A20E9186635A}.Debug|Any CPU.ActiveCfg = Debug|Any CPU
		{7BBFBDBB-472C-4FBD-95A0-A20E9186635A}.Debug|Any CPU.Build.0 = Debug|Any CPU
		{7BBFBDBB-472C-4FBD-95A0-A20E9186635A}.Release|Any CPU.ActiveCfg = Release|Any CPU
		{7BBFBDBB-472C-4FBD-95A0-A20E9186635A}.Release|Any CPU.Build.0 = Release|Any CPU
	EndGlobalSection
	GlobalSection(SolutionProperties) = preSolution
		HideSolutionNode = FALSE
	EndGlobalSection
	GlobalSection(ExtensibilityGlobals) = postSolution
		SolutionGuid = {537D9BA9-A9B2-4CA2-B656-0FF70CEB6617}
	EndGlobalSection
EndGlobal
